
Microsoft Visual Studio Solution File, Format Version 12.00
# Visual Studio Version 17
VisualStudioVersion = 17.6.33723.286
MinimumVisualStudioVersion = 10.0.40219.1
Project("{FAE04EC0-301F-11D3-BF4B-00C04F79EFBC}") = "MyFirstWebAPI", "MyFirstWebAPI\MyFirstWebAPI.csproj", "{A55141A7-B899-4732-BB9D-E74D48FE0392}"
EndProject
Global
	GlobalSection(SolutionConfigurationPlatforms) = preSolution
		Debug|Any CPU = Debug|Any CPU
		Release|Any CPU = Release|Any CPU
	EndGlobalSection
	GlobalSection(ProjectConfigurationPlatforms) = postSolution
		{A55141A7-B899-4732-BB9D-E74D48FE0392}.Debug|Any CPU.ActiveCfg = Debug|Any CPU
		{A55141A7-B899-4732-BB9D-E74D48FE0392}.Debug|Any CPU.Build.0 = Debug|Any CPU
		{A55141A7-B899-4732-BB9D-E74D48FE0392}.Release|Any CPU.ActiveCfg = Release|Any CPU
		{A55141A7-B899-4732-BB9D-E74D48FE0392}.Release|Any CPU.Build.0 = Release|Any CPU
	EndGlobalSection
	GlobalSection(SolutionProperties) = preSolution
		HideSolutionNode = FALSE
	EndGlobalSection
	GlobalSection(ExtensibilityGlobals) = postSolution
		SolutionGuid = {93007357-2CAE-437A-BE53-EA506FFB8D3A}
	EndGlobalSection
EndGlobal
